
Microsoft Visual Studio Solution File, Format Version 12.00
# Visual Studio Version 17
VisualStudioVersion = 17.5.002.0
MinimumVisualStudioVersion = 10.0.40219.1
Project("{9A19103F-16F7-4668-BE54-9A1E7A4F7556}") = "Year1FinalProjectTemplate", "Year1FinalProjectTemplate.csproj", "{C0784C33-90A4-4172-B40D-3F220689846E}"
EndProject
Global
	GlobalSection(SolutionConfigurationPlatforms) = preSolution
		Debug|Any CPU = Debug|Any CPU
		Release|Any CPU = Release|Any CPU
	EndGlobalSection
	GlobalSection(ProjectConfigurationPlatforms) = postSolution
		{C0784C33-90A4-4172-B40D-3F220689846E}.Debug|Any CPU.ActiveCfg = Debug|Any CPU
		{C0784C33-90A4-4172-B40D-3F220689846E}.Debug|Any CPU.Build.0 = Debug|Any CPU
		{C0784C33-90A4-4172-B40D-3F220689846E}.Release|Any CPU.ActiveCfg = Release|Any CPU
		{C0784C33-90A4-4172-B40D-3F220689846E}.Release|Any CPU.Build.0 = Release|Any CPU
	EndGlobalSection
	GlobalSection(SolutionProperties) = preSolution
		HideSolutionNode = FALSE
	EndGlobalSection
	GlobalSection(ExtensibilityGlobals) = postSolution
		SolutionGuid = {84DF291C-D773-4AD9-9D8F-985ADE64F9FE}
	EndGlobalSection
EndGlobal
